# @generated by Move, please check-in and do not edit manually.

[move]
version = 3
manifest_digest = "FB238AF6C6D8126AF8B4AF329BCFC551F9CEA15E813D7DFB03B58F030AEFC51B"
deps_digest = "F8BBB0CCB2491CA29A3DF03D6F92277A4F3574266507ACD77214D37ECA3F3082"
dependencies = [
  { id = "Sui", name = "Sui" },
]

[[move.package]]
id = "MoveStdlib"
source = { git = "https://github.com/MystenLabs/sui", rev = "framework/testnet", subdir = "crates/sui-framework/packages/move-stdlib" }

[[move.package]]
id = "Sui"
source = { git = "https://github.com/MystenLabs/sui", rev = "framework/testnet", subdir = "crates/sui-framework/packages/sui-framework" }

dependencies = [
  { id = "MoveStdlib", name = "MoveStdlib" },
]

[move.toolchain-version]
compiler-version = "1.61.1"
edition = "2024"
flavor = "sui"

[env]

[env.testnet]
chain-id = "4c78adac"
original-published-id = "0x111fecc5b7ca3ad3747435437259a7209a8aad0b51c8026b28945ce65f81d645"
latest-published-id = "0x111fecc5b7ca3ad3747435437259a7209a8aad0b51c8026b28945ce65f81d645"
published-version = "1"
